// !$*UTF8*$!
{
	archiveVersion = 1;
	classes = {
	};
	objectVersion = 45;
	objects = {

/* Begin PBXBuildFile section */
		8DD76F9A0486AA7600D96B5E /* jsonlint.m in Sources */ = {isa = PBXBuildFile; fileRef = 08FB7796FE84155DC02AAC07 /* jsonlint.m */; settings = {ATTRIBUTES = (); }; };
		8DD76F9C0486AA7600D96B5E /* Foundation.framework in Frameworks */ = {isa = PBXBuildFile; fileRef = 08FB779EFE84155DC02AAC07 /* Foundation.framework */; };
		8DD76F9F0486AA7600D96B5E /* jsonlint.1 in CopyFiles */ = {isa = PBXBuildFile; fileRef = C6859EA3029092ED04C91782 /* jsonlint.1 */; };
		EE3E244012FCB06700AD9B6A /* CDataScanner.m in Sources */ = {isa = PBXBuildFile; fileRef = EE3E23DA12FCB06600AD9B6A /* CDataScanner.m */; };
		EE3E244112FCB06700AD9B6A /* CFilteringJSONSerializer.m in Sources */ = {isa = PBXBuildFile; fileRef = EE3E23DD12FCB06600AD9B6A /* CFilteringJSONSerializer.m */; };
		EE3E244212FCB06700AD9B6A /* CJSONDeserializer_BlocksExtensions.m in Sources */ = {isa = PBXBuildFile; fileRef = EE3E23DF12FCB06600AD9B6A /* CJSONDeserializer_BlocksExtensions.m */; };
		EE3E244312FCB06700AD9B6A /* CJSONSerializedData.m in Sources */ = {isa = PBXBuildFile; fileRef = EE3E23E112FCB06600AD9B6A /* CJSONSerializedData.m */; };
		EE3E244412FCB06700AD9B6A /* CDataScanner_Extensions.m in Sources */ = {isa = PBXBuildFile; fileRef = EE3E23E412FCB06600AD9B6A /* CDataScanner_Extensions.m */; };
		EE3E244512FCB06700AD9B6A /* NSDictionary_JSONExtensions.m in Sources */ = {isa = PBXBuildFile; fileRef = EE3E23E612FCB06600AD9B6A /* NSDictionary_JSONExtensions.m */; };
		EE3E244612FCB06700AD9B6A /* CJSONDeserializer.m in Sources */ = {isa = PBXBuildFile; fileRef = EE3E23E912FCB06600AD9B6A /* CJSONDeserializer.m */; };
		EE3E244712FCB06700AD9B6A /* CJSONScanner.m in Sources */ = {isa = PBXBuildFile; fileRef = EE3E23EB12FCB06600AD9B6A /* CJSONScanner.m */; };
		EE3E244812FCB06700AD9B6A /* CJSONSerializer.m in Sources */ = {isa = PBXBuildFile; fileRef = EE3E23ED12FCB06600AD9B6A /* CJSONSerializer.m */; };
/* End PBXBuildFile section */

/* Begin PBXCopyFilesBuildPhase section */
		8DD76F9E0486AA7600D96B5E /* CopyFiles */ = {
			isa = PBXCopyFilesBuildPhase;
			buildActionMask = 8;
			dstPath = /usr/share/man/man1/;
			dstSubfolderSpec = 0;
			files = (
				8DD76F9F0486AA7600D96B5E /* jsonlint.1 in CopyFiles */,
			);
			runOnlyForDeploymentPostprocessing = 1;
		};
/* End PBXCopyFilesBuildPhase section */

/* Begin PBXFileReference section */
		08FB7796FE84155DC02AAC07 /* jsonlint.m */ = {isa = PBXFileReference; fileEncoding = 4; lastKnownFileType = sourcecode.c.objc; path = jsonlint.m; sourceTree = "<group>"; };
		08FB779EFE84155DC02AAC07 /* Foundation.framework */ = {isa = PBXFileReference; lastKnownFileType = wrapper.framework; name = Foundation.framework; path = /System/Library/Frameworks/Foundation.framework; sourceTree = "<absolute>"; };
		32A70AAB03705E1F00C91783 /* jsonlint_Prefix.pch */ = {isa = PBXFileReference; fileEncoding = 4; lastKnownFileType = sourcecode.c.h; path = jsonlint_Prefix.pch; sourceTree = "<group>"; };
		8DD76FA10486AA7600D96B5E /* jsonlint */ = {isa = PBXFileReference; explicitFileType = "compiled.mach-o.executable"; includeInIndex = 0; path = jsonlint; sourceTree = BUILT_PRODUCTS_DIR; };
		C6859EA3029092ED04C91782 /* jsonlint.1 */ = {isa = PBXFileReference; lastKnownFileType = text.man; path = jsonlint.1; sourceTree = "<group>"; };
		EE3E23D612FCB06600AD9B6A /* LICENSE.txt */ = {isa = PBXFileReference; fileEncoding = 4; lastKnownFileType = text; path = LICENSE.txt; sourceTree = "<group>"; };
		EE3E23D712FCB06600AD9B6A /* README.markdown */ = {isa = PBXFileReference; fileEncoding = 4; lastKnownFileType = text; path = README.markdown; sourceTree = "<group>"; };
		EE3E23D912FCB06600AD9B6A /* CDataScanner.h */ = {isa = PBXFileReference; fileEncoding = 4; lastKnownFileType = sourcecode.c.h; path = CDataScanner.h; sourceTree = "<group>"; };
		EE3E23DA12FCB06600AD9B6A /* CDataScanner.m */ = {isa = PBXFileReference; fileEncoding = 4; lastKnownFileType = sourcecode.c.objc; path = CDataScanner.m; sourceTree = "<group>"; };
		EE3E23DC12FCB06600AD9B6A /* CFilteringJSONSerializer.h */ = {isa = PBXFileReference; fileEncoding = 4; lastKnownFileType = sourcecode.c.h; path = CFilteringJSONSerializer.h; sourceTree = "<group>"; };
		EE3E23DD12FCB06600AD9B6A /* CFilteringJSONSerializer.m */ = {isa = PBXFileReference; fileEncoding = 4; lastKnownFileType = sourcecode.c.objc; path = CFilteringJSONSerializer.m; sourceTree = "<group>"; };
		EE3E23DE12FCB06600AD9B6A /* CJSONDeserializer_BlocksExtensions.h */ = {isa = PBXFileReference; fileEncoding = 4; lastKnownFileType = sourcecode.c.h; path = CJSONDeserializer_BlocksExtensions.h; sourceTree = "<group>"; };
		EE3E23DF12FCB06600AD9B6A /* CJSONDeserializer_BlocksExtensions.m */ = {isa = PBXFileReference; fileEncoding = 4; lastKnownFileType = sourcecode.c.objc; path = CJSONDeserializer_BlocksExtensions.m; sourceTree = "<group>"; };
		EE3E23E012FCB06600AD9B6A /* CJSONSerializedData.h */ = {isa = PBXFileReference; fileEncoding = 4; lastKnownFileType = sourcecode.c.h; path = CJSONSerializedData.h; sourceTree = "<group>"; };
		EE3E23E112FCB06600AD9B6A /* CJSONSerializedData.m */ = {isa = PBXFileReference; fileEncoding = 4; lastKnownFileType = sourcecode.c.objc; path = CJSONSerializedData.m; sourceTree = "<group>"; };
		EE3E23E312FCB06600AD9B6A /* CDataScanner_Extensions.h */ = {isa = PBXFileReference; fileEncoding = 4; lastKnownFileType = sourcecode.c.h; path = CDataScanner_Extensions.h; sourceTree = "<group>"; };
		EE3E23E412FCB06600AD9B6A /* CDataScanner_Extensions.m */ = {isa = PBXFileReference; fileEncoding = 4; lastKnownFileType = sourcecode.c.objc; path = CDataScanner_Extensions.m; sourceTree = "<group>"; };
		EE3E23E512FCB06600AD9B6A /* NSDictionary_JSONExtensions.h */ = {isa = PBXFileReference; fileEncoding = 4; lastKnownFileType = sourcecode.c.h; path = NSDictionary_JSONExtensions.h; sourceTree = "<group>"; };
		EE3E23E612FCB06600AD9B6A /* NSDictionary_JSONExtensions.m */ = {isa = PBXFileReference; fileEncoding = 4; lastKnownFileType = sourcecode.c.objc; path = NSDictionary_JSONExtensions.m; sourceTree = "<group>"; };
		EE3E23E812FCB06600AD9B6A /* CJSONDeserializer.h */ = {isa = PBXFileReference; fileEncoding = 4; lastKnownFileType = sourcecode.c.h; path = CJSONDeserializer.h; sourceTree = "<group>"; };
		EE3E23E912FCB06600AD9B6A /* CJSONDeserializer.m */ = {isa = PBXFileReference; fileEncoding = 4; lastKnownFileType = sourcecode.c.objc; path = CJSONDeserializer.m; sourceTree = "<group>"; };
		EE3E23EA12FCB06600AD9B6A /* CJSONScanner.h */ = {isa = PBXFileReference; fileEncoding = 4; lastKnownFileType = sourcecode.c.h; path = CJSONScanner.h; sourceTree = "<group>"; };
		EE3E23EB12FCB06600AD9B6A /* CJSONScanner.m */ = {isa = PBXFileReference; fileEncoding = 4; lastKnownFileType = sourcecode.c.objc; path = CJSONScanner.m; sourceTree = "<group>"; };
		EE3E23EC12FCB06600AD9B6A /* CJSONSerializer.h */ = {isa = PBXFileReference; fileEncoding = 4; lastKnownFileType = sourcecode.c.h; path = CJSONSerializer.h; sourceTree = "<group>"; };
		EE3E23ED12FCB06600AD9B6A /* CJSONSerializer.m */ = {isa = PBXFileReference; fileEncoding = 4; lastKnownFileType = sourcecode.c.objc; path = CJSONSerializer.m; sourceTree = "<group>"; };
		EE3E23EE12FCB06600AD9B6A /* JSONRepresentation.h */ = {isa = PBXFileReference; fileEncoding = 4; lastKnownFileType = sourcecode.c.h; path = JSONRepresentation.h; sourceTree = "<group>"; };
/* End PBXFileReference section */

/* Begin PBXFrameworksBuildPhase section */
		8DD76F9B0486AA7600D96B5E /* Frameworks */ = {
			isa = PBXFrameworksBuildPhase;
			buildActionMask = 2147483647;
			files = (
				8DD76F9C0486AA7600D96B5E /* Foundation.framework in Frameworks */,
			);
			runOnlyForDeploymentPostprocessing = 0;
		};
/* End PBXFrameworksBuildPhase section */

/* Begin PBXGroup section */
		08FB7794FE84155DC02AAC07 /* jsonlint */ = {
			isa = PBXGroup;
			children = (
				EE3E23B012FCB06600AD9B6A /* TouchJSON */,
				08FB7795FE84155DC02AAC07 /* Source */,
				C6859EA2029092E104C91782 /* Documentation */,
				08FB779DFE84155DC02AAC07 /* External Frameworks and Libraries */,
				1AB674ADFE9D54B511CA2CBB /* Products */,
			);
			name = jsonlint;
			sourceTree = "<group>";
		};
		08FB7795FE84155DC02AAC07 /* Source */ = {
			isa = PBXGroup;
			children = (
				32A70AAB03705E1F00C91783 /* jsonlint_Prefix.pch */,
				08FB7796FE84155DC02AAC07 /* jsonlint.m */,
			);
			name = Source;
			sourceTree = "<group>";
		};
		08FB779DFE84155DC02AAC07 /* External Frameworks and Libraries */ = {
			isa = PBXGroup;
			children = (
				08FB779EFE84155DC02AAC07 /* Foundation.framework */,
			);
			name = "External Frameworks and Libraries";
			sourceTree = "<group>";
		};
		1AB674ADFE9D54B511CA2CBB /* Products */ = {
			isa = PBXGroup;
			children = (
				8DD76FA10486AA7600D96B5E /* jsonlint */,
			);
			name = Products;
			sourceTree = "<group>";
		};
		C6859EA2029092E104C91782 /* Documentation */ = {
			isa = PBXGroup;
			children = (
				C6859EA3029092ED04C91782 /* jsonlint.1 */,
			);
			name = Documentation;
			sourceTree = "<group>";
		};
		EE3E23B012FCB06600AD9B6A /* TouchJSON */ = {
			isa = PBXGroup;
			children = (
				EE3E23D612FCB06600AD9B6A /* LICENSE.txt */,
				EE3E23D712FCB06600AD9B6A /* README.markdown */,
				EE3E23D812FCB06600AD9B6A /* Source */,
			);
			path = TouchJSON;
			sourceTree = "<group>";
		};
		EE3E23D812FCB06600AD9B6A /* Source */ = {
			isa = PBXGroup;
			children = (
				EE3E23D912FCB06600AD9B6A /* CDataScanner.h */,
				EE3E23DA12FCB06600AD9B6A /* CDataScanner.m */,
				EE3E23DB12FCB06600AD9B6A /* Experimental */,
				EE3E23E212FCB06600AD9B6A /* Extensions */,
				EE3E23E712FCB06600AD9B6A /* JSON */,
			);
			path = Source;
			sourceTree = "<group>";
		};
		EE3E23DB12FCB06600AD9B6A /* Experimental */ = {
			isa = PBXGroup;
			children = (
				EE3E23DC12FCB06600AD9B6A /* CFilteringJSONSerializer.h */,
				EE3E23DD12FCB06600AD9B6A /* CFilteringJSONSerializer.m */,
				EE3E23DE12FCB06600AD9B6A /* CJSONDeserializer_BlocksExtensions.h */,
				EE3E23DF12FCB06600AD9B6A /* CJSONDeserializer_BlocksExtensions.m */,
				EE3E23E012FCB06600AD9B6A /* CJSONSerializedData.h */,
				EE3E23E112FCB06600AD9B6A /* CJSONSerializedData.m */,
			);
			path = Experimental;
			sourceTree = "<group>";
		};
		EE3E23E212FCB06600AD9B6A /* Extensions */ = {
			isa = PBXGroup;
			children = (
				EE3E23E312FCB06600AD9B6A /* CDataScanner_Extensions.h */,
				EE3E23E412FCB06600AD9B6A /* CDataScanner_Extensions.m */,
				EE3E23E512FCB06600AD9B6A /* NSDictionary_JSONExtensions.h */,
				EE3E23E612FCB06600AD9B6A /* NSDictionary_JSONExtensions.m */,
			);
			path = Extensions;
			sourceTree = "<group>";
		};
		EE3E23E712FCB06600AD9B6A /* JSON */ = {
			isa = PBXGroup;
			children = (
				EE3E23E812FCB06600AD9B6A /* CJSONDeserializer.h */,
				EE3E23E912FCB06600AD9B6A /* CJSONDeserializer.m */,
				EE3E23EA12FCB06600AD9B6A /* CJSONScanner.h */,
				EE3E23EB12FCB06600AD9B6A /* CJSONScanner.m */,
				EE3E23EC12FCB06600AD9B6A /* CJSONSerializer.h */,
				EE3E23ED12FCB06600AD9B6A /* CJSONSerializer.m */,
				EE3E23EE12FCB06600AD9B6A /* JSONRepresentation.h */,
			);
			path = JSON;
			sourceTree = "<group>";
		};
/* End PBXGroup section */

/* Begin PBXNativeTarget section */
		8DD76F960486AA7600D96B5E /* jsonlint */ = {
			isa = PBXNativeTarget;
			buildConfigurationList = 1DEB927408733DD40010E9CD /* Build configuration list for PBXNativeTarget "jsonlint" */;
			buildPhases = (
				8DD76F990486AA7600D96B5E /* Sources */,
				8DD76F9B0486AA7600D96B5E /* Frameworks */,
				8DD76F9E0486AA7600D96B5E /* CopyFiles */,
			);
			buildRules = (
			);
			dependencies = (
			);
			name = jsonlint;
			productInstallPath = "$(HOME)/bin";
			productName = jsonlint;
			productReference = 8DD76FA10486AA7600D96B5E /* jsonlint */;
			productType = "com.apple.product-type.tool";
		};
/* End PBXNativeTarget section */

/* Begin PBXProject section */
		08FB7793FE84155DC02AAC07 /* Project object */ = {
			isa = PBXProject;
			buildConfigurationList = 1DEB927808733DD40010E9CD /* Build configuration list for PBXProject "jsonlint" */;
			compatibilityVersion = "Xcode 3.1";
			developmentRegion = English;
			hasScannedForEncodings = 1;
			knownRegions = (
				English,
				Japanese,
				French,
				German,
			);
			mainGroup = 08FB7794FE84155DC02AAC07 /* jsonlint */;
			projectDirPath = "";
			projectRoot = "";
			targets = (
				8DD76F960486AA7600D96B5E /* jsonlint */,
			);
		};
/* End PBXProject section */

/* Begin PBXSourcesBuildPhase section */
		8DD76F990486AA7600D96B5E /* Sources */ = {
			isa = PBXSourcesBuildPhase;
			buildActionMask = 2147483647;
			files = (
				8DD76F9A0486AA7600D96B5E /* jsonlint.m in Sources */,
				EE3E244012FCB06700AD9B6A /* CDataScanner.m in Sources */,
				EE3E244112FCB06700AD9B6A /* CFilteringJSONSerializer.m in Sources */,
				EE3E244212FCB06700AD9B6A /* CJSONDeserializer_BlocksExtensions.m in Sources */,
				EE3E244312FCB06700AD9B6A /* CJSONSerializedData.m in Sources */,
				EE3E244412FCB06700AD9B6A /* CDataScanner_Extensions.m in Sources */,
				EE3E244512FCB06700AD9B6A /* NSDictionary_JSONExtensions.m in Sources */,
				EE3E244612FCB06700AD9B6A /* CJSONDeserializer.m in Sources */,
				EE3E244712FCB06700AD9B6A /* CJSONScanner.m in Sources */,
				EE3E244812FCB06700AD9B6A /* CJSONSerializer.m in Sources */,
			);
			runOnlyForDeploymentPostprocessing = 0;
		};
/* End PBXSourcesBuildPhase section */

/* Begin XCBuildConfiguration section */
		1DEB927508733DD40010E9CD /* Debug */ = {
			isa = XCBuildConfiguration;
			buildSettings = {
				ALWAYS_SEARCH_USER_PATHS = NO;
				COPY_PHASE_STRIP = NO;
				GCC_DYNAMIC_NO_PIC = NO;
				GCC_ENABLE_FIX_AND_CONTINUE = YES;
				GCC_MODEL_TUNING = G5;
				GCC_OPTIMIZATION_LEVEL = 0;
				GCC_PRECOMPILE_PREFIX_HEADER = YES;
				GCC_PREFIX_HEADER = jsonlint_Prefix.pch;
				INSTALL_PATH = /usr/local/bin;
				PRODUCT_NAME = jsonlint;
			};
			name = Debug;
		};
		1DEB927608733DD40010E9CD /* Release */ = {
			isa = XCBuildConfiguration;
			buildSettings = {
				ALWAYS_SEARCH_USER_PATHS = NO;
				DEBUG_INFORMATION_FORMAT = "dwarf-with-dsym";
				GCC_MODEL_TUNING = G5;
				GCC_PRECOMPILE_PREFIX_HEADER = YES;
				GCC_PREFIX_HEADER = jsonlint_Prefix.pch;
				INSTALL_PATH = /usr/local/bin;
				PRODUCT_NAME = jsonlint;
			};
			name = Release;
		};
		1DEB927908733DD40010E9CD /* Debug */ = {
			isa = XCBuildConfiguration;
			buildSettings = {
				ARCHS = "$(ARCHS_STANDARD_32_64_BIT)";
				GCC_C_LANGUAGE_STANDARD = gnu99;
				GCC_OPTIMIZATION_LEVEL = 0;
				GCC_WARN_ABOUT_RETURN_TYPE = YES;
				GCC_WARN_UNUSED_VARIABLE = YES;
				ONLY_ACTIVE_ARCH = YES;
				PREBINDING = NO;
				SDKROOT = macosx10.6;
			};
			name = Debug;
		};
		1DEB927A08733DD40010E9CD /* Release */ = {
			isa = XCBuildConfiguration;
			buildSettings = {
				ARCHS = "$(ARCHS_STANDARD_32_64_BIT)";
				GCC_C_LANGUAGE_STANDARD = gnu99;
				GCC_WARN_ABOUT_RETURN_TYPE = YES;
				GCC_WARN_UNUSED_VARIABLE = YES;
				PREBINDING = NO;
				SDKROOT = macosx10.6;
			};
			name = Release;
		};
/* End XCBuildConfiguration section */

/* Begin XCConfigurationList section */
		1DEB927408733DD40010E9CD /* Build configuration list for PBXNativeTarget "jsonlint" */ = {
			isa = XCConfigurationList;
			buildConfigurations = (
				1DEB927508733DD40010E9CD /* Debug */,
				1DEB927608733DD40010E9CD /* Release */,
			);
			defaultConfigurationIsVisible = 0;
			defaultConfigurationName = Release;
		};
		1DEB927808733DD40010E9CD /* Build configuration list for PBXProject "jsonlint" */ = {
			isa = XCConfigurationList;
			buildConfigurations = (
				1DEB927908733DD40010E9CD /* Debug */,
				1DEB927A08733DD40010E9CD /* Release */,
			);
			defaultConfigurationIsVisible = 0;
			defaultConfigurationName = Release;
		};
/* End XCConfigurationList section */
	};
	rootObject = 08FB7793FE84155DC02AAC07 /* Project object */;
}
